
Microsoft Visual Studio Solution File, Format Version 12.00
Project("{2150E333-8FDC-42A3-9474-1A3956D46DE8}") = "src", "src", "{3DCEA41A-C668-4FDB-90E2-1CFF01EB49BE}"
EndProject
Project("{2150E333-8FDC-42A3-9474-1A3956D46DE8}") = "Shared", "Shared", "{10CBA520-F8CE-461F-980F-E1E0061E711A}"
EndProject
Project("{2150E333-8FDC-42A3-9474-1A3956D46DE8}") = "Services", "Services", "{1F5CCB53-C859-420E-8E77-60081CA07BF5}"
EndProject
Project("{2150E333-8FDC-42A3-9474-1A3956D46DE8}") = "User", "User", "{515F12E1-D545-4958-8375-548489016EEF}"
EndProject
Project("{FAE04EC0-301F-11D3-BF4B-00C04F79EFBC}") = "User.API", "User.API\User.API.csproj", "{5DD7D594-27A1-4B57-B330-147FC11BD251}"
EndProject
Project("{FAE04EC0-301F-11D3-BF4B-00C04F79EFBC}") = "User.Core", "User.Core\User.Core.csproj", "{AF756A65-2A52-4AF1-A19F-8E98FA9CFB79}"
EndProject
Project("{FAE04EC0-301F-11D3-BF4B-00C04F79EFBC}") = "User.Persistence", "User.Persistence\User.Persistence.csproj", "{06F3FDEE-4180-48A5-9091-4B263BF43978}"
EndProject
Project("{FAE04EC0-301F-11D3-BF4B-00C04F79EFBC}") = "LibraryManagement.Contracts", "LibraryManagement.Contracts\LibraryManagement.Contracts.csproj", "{4F44CFD3-D1C8-4041-8C04-A200641122D6}"
EndProject
Project("{2150E333-8FDC-42A3-9474-1A3956D46DE8}") = "Book", "Book", "{28F3D4BD-AB79-4CA7-8FE3-73020B6584B0}"
EndProject
Project("{FAE04EC0-301F-11D3-BF4B-00C04F79EFBC}") = "Book.API", "Book.API\Book.API.csproj", "{664BFA2C-AAE6-462B-A0A5-5BF37346C224}"
EndProject
Project("{FAE04EC0-301F-11D3-BF4B-00C04F79EFBC}") = "Book.Core", "Book.Core\Book.Core.csproj", "{5DA10896-6AC4-4B72-86C9-F38FC0BC923B}"
EndProject
Project("{FAE04EC0-301F-11D3-BF4B-00C04F79EFBC}") = "Book.Persistence", "Book.Persistence\Book.Persistence.csproj", "{0FC57A62-1B15-4549-B780-7516AB6BEB1F}"
EndProject
Project("{2150E333-8FDC-42A3-9474-1A3956D46DE8}") = "Author", "Author", "{C0635A61-400B-422E-A3CE-92E344DFADD1}"
EndProject
Project("{FAE04EC0-301F-11D3-BF4B-00C04F79EFBC}") = "Author.API", "Author.API\Author.API.csproj", "{AE996986-6991-4D26-AC88-EC554B9890D8}"
EndProject
Project("{FAE04EC0-301F-11D3-BF4B-00C04F79EFBC}") = "Author.Core", "Author.Core\Author.Core.csproj", "{F2B56E02-FC89-4023-8A1D-6C5153B72483}"
EndProject
Project("{FAE04EC0-301F-11D3-BF4B-00C04F79EFBC}") = "Author.Persistence", "Author.Persistence\Author.Persistence.csproj", "{D5EC40CA-9948-409A-9977-73573E7155DE}"
EndProject
Project("{2150E333-8FDC-42A3-9474-1A3956D46DE8}") = "Authentication", "Authentication", "{3CB53DDB-48B3-4A91-8D5C-3746E57C83F2}"
EndProject
Project("{FAE04EC0-301F-11D3-BF4B-00C04F79EFBC}") = "Auth.API", "Auth.API\Auth.API.csproj", "{B14BE502-CC31-43F0-B1CE-AC7770E44C05}"
EndProject
Project("{FAE04EC0-301F-11D3-BF4B-00C04F79EFBC}") = "Auth.Core", "Auth.Core\Auth.Core.csproj", "{42AC8802-3723-4846-B664-B1BCCAADB9EB}"
EndProject
Project("{FAE04EC0-301F-11D3-BF4B-00C04F79EFBC}") = "Auth.Persistence", "Auth.Persistence\Auth.Persistence.csproj", "{CC84CCC0-0E39-4199-BC92-88CB49CF342A}"
EndProject
Global
	GlobalSection(SolutionConfigurationPlatforms) = preSolution
		Debug|Any CPU = Debug|Any CPU
		Release|Any CPU = Release|Any CPU
	EndGlobalSection
	GlobalSection(NestedProjects) = preSolution
		{515F12E1-D545-4958-8375-548489016EEF} = {1F5CCB53-C859-420E-8E77-60081CA07BF5}
		{1F5CCB53-C859-420E-8E77-60081CA07BF5} = {3DCEA41A-C668-4FDB-90E2-1CFF01EB49BE}
		{5DD7D594-27A1-4B57-B330-147FC11BD251} = {515F12E1-D545-4958-8375-548489016EEF}
		{AF756A65-2A52-4AF1-A19F-8E98FA9CFB79} = {515F12E1-D545-4958-8375-548489016EEF}
		{06F3FDEE-4180-48A5-9091-4B263BF43978} = {515F12E1-D545-4958-8375-548489016EEF}
		{4F44CFD3-D1C8-4041-8C04-A200641122D6} = {10CBA520-F8CE-461F-980F-E1E0061E711A}
		{28F3D4BD-AB79-4CA7-8FE3-73020B6584B0} = {1F5CCB53-C859-420E-8E77-60081CA07BF5}
		{664BFA2C-AAE6-462B-A0A5-5BF37346C224} = {28F3D4BD-AB79-4CA7-8FE3-73020B6584B0}
		{5DA10896-6AC4-4B72-86C9-F38FC0BC923B} = {28F3D4BD-AB79-4CA7-8FE3-73020B6584B0}
		{0FC57A62-1B15-4549-B780-7516AB6BEB1F} = {28F3D4BD-AB79-4CA7-8FE3-73020B6584B0}
		{C0635A61-400B-422E-A3CE-92E344DFADD1} = {1F5CCB53-C859-420E-8E77-60081CA07BF5}
		{AE996986-6991-4D26-AC88-EC554B9890D8} = {C0635A61-400B-422E-A3CE-92E344DFADD1}
		{F2B56E02-FC89-4023-8A1D-6C5153B72483} = {C0635A61-400B-422E-A3CE-92E344DFADD1}
		{D5EC40CA-9948-409A-9977-73573E7155DE} = {C0635A61-400B-422E-A3CE-92E344DFADD1}
		{3CB53DDB-48B3-4A91-8D5C-3746E57C83F2} = {1F5CCB53-C859-420E-8E77-60081CA07BF5}
		{B14BE502-CC31-43F0-B1CE-AC7770E44C05} = {3CB53DDB-48B3-4A91-8D5C-3746E57C83F2}
		{42AC8802-3723-4846-B664-B1BCCAADB9EB} = {3CB53DDB-48B3-4A91-8D5C-3746E57C83F2}
		{CC84CCC0-0E39-4199-BC92-88CB49CF342A} = {3CB53DDB-48B3-4A91-8D5C-3746E57C83F2}
	EndGlobalSection
	GlobalSection(ProjectConfigurationPlatforms) = postSolution
		{5DD7D594-27A1-4B57-B330-147FC11BD251}.Debug|Any CPU.ActiveCfg = Debug|Any CPU
		{5DD7D594-27A1-4B57-B330-147FC11BD251}.Debug|Any CPU.Build.0 = Debug|Any CPU
		{5DD7D594-27A1-4B57-B330-147FC11BD251}.Release|Any CPU.ActiveCfg = Release|Any CPU
		{5DD7D594-27A1-4B57-B330-147FC11BD251}.Release|Any CPU.Build.0 = Release|Any CPU
		{AF756A65-2A52-4AF1-A19F-8E98FA9CFB79}.Debug|Any CPU.ActiveCfg = Debug|Any CPU
		{AF756A65-2A52-4AF1-A19F-8E98FA9CFB79}.Debug|Any CPU.Build.0 = Debug|Any CPU
		{AF756A65-2A52-4AF1-A19F-8E98FA9CFB79}.Release|Any CPU.ActiveCfg = Release|Any CPU
		{AF756A65-2A52-4AF1-A19F-8E98FA9CFB79}.Release|Any CPU.Build.0 = Release|Any CPU
		{06F3FDEE-4180-48A5-9091-4B263BF43978}.Debug|Any CPU.ActiveCfg = Debug|Any CPU
		{06F3FDEE-4180-48A5-9091-4B263BF43978}.Debug|Any CPU.Build.0 = Debug|Any CPU
		{06F3FDEE-4180-48A5-9091-4B263BF43978}.Release|Any CPU.ActiveCfg = Release|Any CPU
		{06F3FDEE-4180-48A5-9091-4B263BF43978}.Release|Any CPU.Build.0 = Release|Any CPU
		{4F44CFD3-D1C8-4041-8C04-A200641122D6}.Debug|Any CPU.ActiveCfg = Debug|Any CPU
		{4F44CFD3-D1C8-4041-8C04-A200641122D6}.Debug|Any CPU.Build.0 = Debug|Any CPU
		{4F44CFD3-D1C8-4041-8C04-A200641122D6}.Release|Any CPU.ActiveCfg = Release|Any CPU
		{4F44CFD3-D1C8-4041-8C04-A200641122D6}.Release|Any CPU.Build.0 = Release|Any CPU
		{664BFA2C-AAE6-462B-A0A5-5BF37346C224}.Debug|Any CPU.ActiveCfg = Debug|Any CPU
		{664BFA2C-AAE6-462B-A0A5-5BF37346C224}.Debug|Any CPU.Build.0 = Debug|Any CPU
		{664BFA2C-AAE6-462B-A0A5-5BF37346C224}.Release|Any CPU.ActiveCfg = Release|Any CPU
		{664BFA2C-AAE6-462B-A0A5-5BF37346C224}.Release|Any CPU.Build.0 = Release|Any CPU
		{5DA10896-6AC4-4B72-86C9-F38FC0BC923B}.Debug|Any CPU.ActiveCfg = Debug|Any CPU
		{5DA10896-6AC4-4B72-86C9-F38FC0BC923B}.Debug|Any CPU.Build.0 = Debug|Any CPU
		{5DA10896-6AC4-4B72-86C9-F38FC0BC923B}.Release|Any CPU.ActiveCfg = Release|Any CPU
		{5DA10896-6AC4-4B72-86C9-F38FC0BC923B}.Release|Any CPU.Build.0 = Release|Any CPU
		{0FC57A62-1B15-4549-B780-7516AB6BEB1F}.Debug|Any CPU.ActiveCfg = Debug|Any CPU
		{0FC57A62-1B15-4549-B780-7516AB6BEB1F}.Debug|Any CPU.Build.0 = Debug|Any CPU
		{0FC57A62-1B15-4549-B780-7516AB6BEB1F}.Release|Any CPU.ActiveCfg = Release|Any CPU
		{0FC57A62-1B15-4549-B780-7516AB6BEB1F}.Release|Any CPU.Build.0 = Release|Any CPU
		{AE996986-6991-4D26-AC88-EC554B9890D8}.Debug|Any CPU.ActiveCfg = Debug|Any CPU
		{AE996986-6991-4D26-AC88-EC554B9890D8}.Debug|Any CPU.Build.0 = Debug|Any CPU
		{AE996986-6991-4D26-AC88-EC554B9890D8}.Release|Any CPU.ActiveCfg = Release|Any CPU
		{AE996986-6991-4D26-AC88-EC554B9890D8}.Release|Any CPU.Build.0 = Release|Any CPU
		{F2B56E02-FC89-4023-8A1D-6C5153B72483}.Debug|Any CPU.ActiveCfg = Debug|Any CPU
		{F2B56E02-FC89-4023-8A1D-6C5153B72483}.Debug|Any CPU.Build.0 = Debug|Any CPU
		{F2B56E02-FC89-4023-8A1D-6C5153B72483}.Release|Any CPU.ActiveCfg = Release|Any CPU
		{F2B56E02-FC89-4023-8A1D-6C5153B72483}.Release|Any CPU.Build.0 = Release|Any CPU
		{D5EC40CA-9948-409A-9977-73573E7155DE}.Debug|Any CPU.ActiveCfg = Debug|Any CPU
		{D5EC40CA-9948-409A-9977-73573E7155DE}.Debug|Any CPU.Build.0 = Debug|Any CPU
		{D5EC40CA-9948-409A-9977-73573E7155DE}.Release|Any CPU.ActiveCfg = Release|Any CPU
		{D5EC40CA-9948-409A-9977-73573E7155DE}.Release|Any CPU.Build.0 = Release|Any CPU
		{B14BE502-CC31-43F0-B1CE-AC7770E44C05}.Debug|Any CPU.ActiveCfg = Debug|Any CPU
		{B14BE502-CC31-43F0-B1CE-AC7770E44C05}.Debug|Any CPU.Build.0 = Debug|Any CPU
		{B14BE502-CC31-43F0-B1CE-AC7770E44C05}.Release|Any CPU.ActiveCfg = Release|Any CPU
		{B14BE502-CC31-43F0-B1CE-AC7770E44C05}.Release|Any CPU.Build.0 = Release|Any CPU
		{42AC8802-3723-4846-B664-B1BCCAADB9EB}.Debug|Any CPU.ActiveCfg = Debug|Any CPU
		{42AC8802-3723-4846-B664-B1BCCAADB9EB}.Debug|Any CPU.Build.0 = Debug|Any CPU
		{42AC8802-3723-4846-B664-B1BCCAADB9EB}.Release|Any CPU.ActiveCfg = Release|Any CPU
		{42AC8802-3723-4846-B664-B1BCCAADB9EB}.Release|Any CPU.Build.0 = Release|Any CPU
		{CC84CCC0-0E39-4199-BC92-88CB49CF342A}.Debug|Any CPU.ActiveCfg = Debug|Any CPU
		{CC84CCC0-0E39-4199-BC92-88CB49CF342A}.Debug|Any CPU.Build.0 = Debug|Any CPU
		{CC84CCC0-0E39-4199-BC92-88CB49CF342A}.Release|Any CPU.ActiveCfg = Release|Any CPU
		{CC84CCC0-0E39-4199-BC92-88CB49CF342A}.Release|Any CPU.Build.0 = Release|Any CPU
	EndGlobalSection
EndGlobal
